
Microsoft Visual Studio Solution File, Format Version 12.00
# Visual Studio Version 17
VisualStudioVersion = 17.10.35122.118
MinimumVisualStudioVersion = 10.0.40219.1
Project("{FAE04EC0-301F-11D3-BF4B-00C04F79EFBC}") = "LogicalOperator", "LogicalOperator.csproj", "{EE90A6D1-7A4B-4F07-BC2B-FF5D4232E87E}"
EndProject
Global
	GlobalSection(SolutionConfigurationPlatforms) = preSolution
		Debug|Any CPU = Debug|Any CPU
		Release|Any CPU = Release|Any CPU
	EndGlobalSection
	GlobalSection(ProjectConfigurationPlatforms) = postSolution
		{EE90A6D1-7A4B-4F07-BC2B-FF5D4232E87E}.Debug|Any CPU.ActiveCfg = Debug|Any CPU
		{EE90A6D1-7A4B-4F07-BC2B-FF5D4232E87E}.Debug|Any CPU.Build.0 = Debug|Any CPU
		{EE90A6D1-7A4B-4F07-BC2B-FF5D4232E87E}.Release|Any CPU.ActiveCfg = Release|Any CPU
		{EE90A6D1-7A4B-4F07-BC2B-FF5D4232E87E}.Release|Any CPU.Build.0 = Release|Any CPU
	EndGlobalSection
	GlobalSection(SolutionProperties) = preSolution
		HideSolutionNode = FALSE
	EndGlobalSection
	GlobalSection(ExtensibilityGlobals) = postSolution
		SolutionGuid = {0BE3850E-7A62-4ABB-89FD-F4B58C4F2436}
	EndGlobalSection
EndGlobal
